
Microsoft Visual Studio Solution File, Format Version 11.00
# Visual Studio 2010
Project("{8BC9CEB8-8B4A-11D0-8D11-00A0C91BC942}") = "DRKHooks", "DRKHooks\DRKHooks.vcxproj", "{097EC190-504F-42F0-9247-01AD1CF7F1A0}"
EndProject
Project("{8BC9CEB8-8B4A-11D0-8D11-00A0C91BC942}") = "Daphne", "Daphne.vcxproj", "{058D82A5-8713-4185-8A5D-90D5A0F55778}"
	ProjectSection(ProjectDependencies) = postProject
		{89E3E318-9877-4B4C-8D89-C58C02F2957C} = {89E3E318-9877-4B4C-8D89-C58C02F2957C}
		{1B06A71E-F727-439B-9BC3-FF7A5E8E88CD} = {1B06A71E-F727-439B-9BC3-FF7A5E8E88CD}
		{436C4785-F858-43A9-A4C7-407AF80374D4} = {436C4785-F858-43A9-A4C7-407AF80374D4}
		{662E97F2-147E-4DC0-9467-99BFD30005C5} = {662E97F2-147E-4DC0-9467-99BFD30005C5}
	EndProjectSection
EndProject
Project("{8BC9CEB8-8B4A-11D0-8D11-00A0C91BC942}") = "dc", "dc\dc.vcxproj", "{AF7BA6F8-439C-404D-BDBD-53721CFE83BE}"
	ProjectSection(ProjectDependencies) = postProject
		{058D82A5-8713-4185-8A5D-90D5A0F55778} = {058D82A5-8713-4185-8A5D-90D5A0F55778}
	EndProjectSection
EndProject
Project("{8BC9CEB8-8B4A-11D0-8D11-00A0C91BC942}") = "DRKShell", "DRKShell\DRKShell.vcxproj", "{89E3E318-9877-4B4C-8D89-C58C02F2957C}"
EndProject
Project("{8BC9CEB8-8B4A-11D0-8D11-00A0C91BC942}") = "DRKShellPS", "DRKShell\DRKShellPS.vcxproj", "{02A359FA-DEF7-4408-B1F7-FFB7E40B3BE6}"
EndProject
Project("{54435603-DBB4-11D2-8724-00A0C9A8B90C}") = "Daphne-x64", "Daphne_setup_x64\Daphne_setup_x64.vdproj", "{CE94E027-6D13-4B12-BE97-8358A9F320A8}"
EndProject
Project("{8BC9CEB8-8B4A-11D0-8D11-00A0C91BC942}") = "DRKLTR", "DRKLTR\DRKLTR.vcxproj", "{436C4785-F858-43A9-A4C7-407AF80374D4}"
EndProject
Project("{8BC9CEB8-8B4A-11D0-8D11-00A0C91BC942}") = "DRKRTL", "DRKRTL\DRKRTL.vcxproj", "{662E97F2-147E-4DC0-9467-99BFD30005C5}"
EndProject
Project("{8BC9CEB8-8B4A-11D0-8D11-00A0C91BC942}") = "DRKSpyAgent", "DRKSpyAgent\DRKSpyAgent.vcxproj", "{1B06A71E-F727-439B-9BC3-FF7A5E8E88CD}"
EndProject
Project("{54435603-DBB4-11D2-8724-00A0C9A8B90C}") = "Daphne-x86", "Daphne_setup_x86\Daphne-x86.vdproj", "{ECF6A387-F182-4483-BAE3-E0D62519AB8F}"
EndProject
Global
	GlobalSection(SolutionConfigurationPlatforms) = preSolution
		Debug|Win32 = Debug|Win32
		Debug|x64 = Debug|x64
		Release|Win32 = Release|Win32
		Release|x64 = Release|x64
	EndGlobalSection
	GlobalSection(ProjectConfigurationPlatforms) = postSolution
		{097EC190-504F-42F0-9247-01AD1CF7F1A0}.Debug|Win32.ActiveCfg = Debug|Win32
		{097EC190-504F-42F0-9247-01AD1CF7F1A0}.Debug|Win32.Build.0 = Debug|Win32
		{097EC190-504F-42F0-9247-01AD1CF7F1A0}.Debug|x64.ActiveCfg = Debug|x64
		{097EC190-504F-42F0-9247-01AD1CF7F1A0}.Debug|x64.Build.0 = Debug|x64
		{097EC190-504F-42F0-9247-01AD1CF7F1A0}.Release|Win32.ActiveCfg = Release|Win32
		{097EC190-504F-42F0-9247-01AD1CF7F1A0}.Release|Win32.Build.0 = Release|Win32
		{097EC190-504F-42F0-9247-01AD1CF7F1A0}.Release|x64.ActiveCfg = Release|x64
		{097EC190-504F-42F0-9247-01AD1CF7F1A0}.Release|x64.Build.0 = Release|x64
		{058D82A5-8713-4185-8A5D-90D5A0F55778}.Debug|Win32.ActiveCfg = Debug|Win32
		{058D82A5-8713-4185-8A5D-90D5A0F55778}.Debug|Win32.Build.0 = Debug|Win32
		{058D82A5-8713-4185-8A5D-90D5A0F55778}.Debug|x64.ActiveCfg = Debug|x64
		{058D82A5-8713-4185-8A5D-90D5A0F55778}.Debug|x64.Build.0 = Debug|x64
		{058D82A5-8713-4185-8A5D-90D5A0F55778}.Release|Win32.ActiveCfg = Release|Win32
		{058D82A5-8713-4185-8A5D-90D5A0F55778}.Release|Win32.Build.0 = Release|Win32
		{058D82A5-8713-4185-8A5D-90D5A0F55778}.Release|x64.ActiveCfg = Release|x64
		{058D82A5-8713-4185-8A5D-90D5A0F55778}.Release|x64.Build.0 = Release|x64
		{AF7BA6F8-439C-404D-BDBD-53721CFE83BE}.Debug|Win32.ActiveCfg = Debug|Win32
		{AF7BA6F8-439C-404D-BDBD-53721CFE83BE}.Debug|x64.ActiveCfg = Debug|x64
		{AF7BA6F8-439C-404D-BDBD-53721CFE83BE}.Debug|x64.Build.0 = Debug|x64
		{AF7BA6F8-439C-404D-BDBD-53721CFE83BE}.Release|Win32.ActiveCfg = Release|Win32
		{AF7BA6F8-439C-404D-BDBD-53721CFE83BE}.Release|Win32.Build.0 = Release|Win32
		{AF7BA6F8-439C-404D-BDBD-53721CFE83BE}.Release|x64.ActiveCfg = Release|x64
		{AF7BA6F8-439C-404D-BDBD-53721CFE83BE}.Release|x64.Build.0 = Release|x64
		{89E3E318-9877-4B4C-8D89-C58C02F2957C}.Debug|Win32.ActiveCfg = Debug|Win32
		{89E3E318-9877-4B4C-8D89-C58C02F2957C}.Debug|Win32.Build.0 = Debug|Win32
		{89E3E318-9877-4B4C-8D89-C58C02F2957C}.Debug|x64.ActiveCfg = Debug|x64
		{89E3E318-9877-4B4C-8D89-C58C02F2957C}.Debug|x64.Build.0 = Debug|x64
		{89E3E318-9877-4B4C-8D89-C58C02F2957C}.Release|Win32.ActiveCfg = Release|Win32
		{89E3E318-9877-4B4C-8D89-C58C02F2957C}.Release|Win32.Build.0 = Release|Win32
		{89E3E318-9877-4B4C-8D89-C58C02F2957C}.Release|x64.ActiveCfg = Release|x64
		{89E3E318-9877-4B4C-8D89-C58C02F2957C}.Release|x64.Build.0 = Release|x64
		{02A359FA-DEF7-4408-B1F7-FFB7E40B3BE6}.Debug|Win32.ActiveCfg = Debug|Win32
		{02A359FA-DEF7-4408-B1F7-FFB7E40B3BE6}.Debug|x64.ActiveCfg = Debug|x64
		{02A359FA-DEF7-4408-B1F7-FFB7E40B3BE6}.Release|Win32.ActiveCfg = Release|Win32
		{02A359FA-DEF7-4408-B1F7-FFB7E40B3BE6}.Release|x64.ActiveCfg = Release|x64
		{CE94E027-6D13-4B12-BE97-8358A9F320A8}.Debug|Win32.ActiveCfg = Debug
		{CE94E027-6D13-4B12-BE97-8358A9F320A8}.Debug|x64.ActiveCfg = Debug
		{CE94E027-6D13-4B12-BE97-8358A9F320A8}.Release|Win32.ActiveCfg = Release
		{CE94E027-6D13-4B12-BE97-8358A9F320A8}.Release|x64.ActiveCfg = Release
		{436C4785-F858-43A9-A4C7-407AF80374D4}.Debug|Win32.ActiveCfg = Debug|Win32
		{436C4785-F858-43A9-A4C7-407AF80374D4}.Debug|Win32.Build.0 = Debug|Win32
		{436C4785-F858-43A9-A4C7-407AF80374D4}.Debug|x64.ActiveCfg = Debug|x64
		{436C4785-F858-43A9-A4C7-407AF80374D4}.Debug|x64.Build.0 = Debug|x64
		{436C4785-F858-43A9-A4C7-407AF80374D4}.Release|Win32.ActiveCfg = Release|Win32
		{436C4785-F858-43A9-A4C7-407AF80374D4}.Release|Win32.Build.0 = Release|Win32
		{436C4785-F858-43A9-A4C7-407AF80374D4}.Release|x64.ActiveCfg = Release|x64
		{436C4785-F858-43A9-A4C7-407AF80374D4}.Release|x64.Build.0 = Release|x64
		{662E97F2-147E-4DC0-9467-99BFD30005C5}.Debug|Win32.ActiveCfg = Debug|Win32
		{662E97F2-147E-4DC0-9467-99BFD30005C5}.Debug|Win32.Build.0 = Debug|Win32
		{662E97F2-147E-4DC0-9467-99BFD30005C5}.Debug|x64.ActiveCfg = Debug|x64
		{662E97F2-147E-4DC0-9467-99BFD30005C5}.Debug|x64.Build.0 = Debug|x64
		{662E97F2-147E-4DC0-9467-99BFD30005C5}.Release|Win32.ActiveCfg = Release|Win32
		{662E97F2-147E-4DC0-9467-99BFD30005C5}.Release|Win32.Build.0 = Release|Win32
		{662E97F2-147E-4DC0-9467-99BFD30005C5}.Release|x64.ActiveCfg = Release|x64
		{662E97F2-147E-4DC0-9467-99BFD30005C5}.Release|x64.Build.0 = Release|x64
		{1B06A71E-F727-439B-9BC3-FF7A5E8E88CD}.Debug|Win32.ActiveCfg = Debug|Win32
		{1B06A71E-F727-439B-9BC3-FF7A5E8E88CD}.Debug|Win32.Build.0 = Debug|Win32
		{1B06A71E-F727-439B-9BC3-FF7A5E8E88CD}.Debug|x64.ActiveCfg = Debug|x64
		{1B06A71E-F727-439B-9BC3-FF7A5E8E88CD}.Debug|x64.Build.0 = Debug|x64
		{1B06A71E-F727-439B-9BC3-FF7A5E8E88CD}.Release|Win32.ActiveCfg = Release|Win32
		{1B06A71E-F727-439B-9BC3-FF7A5E8E88CD}.Release|Win32.Build.0 = Release|Win32
		{1B06A71E-F727-439B-9BC3-FF7A5E8E88CD}.Release|x64.ActiveCfg = Release|x64
		{1B06A71E-F727-439B-9BC3-FF7A5E8E88CD}.Release|x64.Build.0 = Release|x64
		{ECF6A387-F182-4483-BAE3-E0D62519AB8F}.Debug|Win32.ActiveCfg = Debug
		{ECF6A387-F182-4483-BAE3-E0D62519AB8F}.Debug|x64.ActiveCfg = Debug
		{ECF6A387-F182-4483-BAE3-E0D62519AB8F}.Release|Win32.ActiveCfg = Release
		{ECF6A387-F182-4483-BAE3-E0D62519AB8F}.Release|x64.ActiveCfg = Release
	EndGlobalSection
	GlobalSection(SolutionProperties) = preSolution
		HideSolutionNode = FALSE
	EndGlobalSection
EndGlobal
