<?xml version="1.0" encoding="utf-8"?>
<Project ToolsVersion="4.0" xmlns="http://schemas.microsoft.com/developer/msbuild/2003">
  <ItemGroup>
    <Filter Include="Source Files">
      <UniqueIdentifier>{4FC737F1-C7A5-4376-A066-2A32D752A2FF}</UniqueIdentifier>
      <Extensions>cpp;c;cc;cxx;def;odl;idl;hpj;bat;asm;asmx</Extensions>
    </Filter>
    <Filter Include="Header Files">
      <UniqueIdentifier>{93995380-89BD-4b04-88EB-625FBE52EBFB}</UniqueIdentifier>
      <Extensions>h;hpp;hxx;hm;inl;inc;xsd</Extensions>
    </Filter>
    <Filter Include="Resource Files">
      <UniqueIdentifier>{67DA6AB6-F800-4c08-8B7A-83BB121AAD01}</UniqueIdentifier>
      <Extensions>rc;ico;cur;bmp;dlg;rc2;rct;bin;rgs;gif;jpg;jpeg;jpe;resx;tiff;tif;png;wav;mfcribbon-ms</Extensions>
    </Filter>
  </ItemGroup>
  <ItemGroup>
    <None Include="ReadMe.txt" />
    <None Include="DRKLTR.def">
      <Filter>Source Files</Filter>
    </None>
    <None Include="res\DRKLTR.rc2">
      <Filter>Resource Files</Filter>
    </None>
    <None Include="..\LTR\arrowcop.cur">
      <Filter>Resource Files</Filter>
    </None>
    <None Include="..\LTR\res\null.ico">
      <Filter>Resource Files</Filter>
    </None>
    <None Include="..\LTR\res\cur00001.cur">
      <Filter>Resource Files</Filter>
    </None>
    <None Include="..\LTR\res\cur00002.cur">
      <Filter>Resource Files</Filter>
    </None>
    <None Include="..\LTR\res\cur00003.cur">
      <Filter>Resource Files</Filter>
    </None>
    <None Include="..\LTR\res\cur00004.cur">
      <Filter>Resource Files</Filter>
    </None>
    <None Include="..\LTR\res\cur00005.cur">
      <Filter>Resource Files</Filter>
    </None>
    <None Include="..\LTR\res\cur00006.cur">
      <Filter>Resource Files</Filter>
    </None>
    <None Include="..\LTR\res\cur00007.cur">
      <Filter>Resource Files</Filter>
    </None>
    <None Include="..\LTR\res\cursor1.cur">
      <Filter>Resource Files</Filter>
    </None>
    <None Include="..\LTR\res\Daphne.bmp">
      <Filter>Resource Files</Filter>
    </None>
    <None Include="..\LTR\res\Daphne.ico">
      <Filter>Resource Files</Filter>
    </None>
    <None Include="..\LTR\res\ico00000.ico">
      <Filter>Resource Files</Filter>
    </None>
    <None Include="..\LTR\res\ico00001.ico">
      <Filter>Resource Files</Filter>
    </None>
    <None Include="..\LTR\res\ico00002.ico">
      <Filter>Resource Files</Filter>
    </None>
    <None Include="..\LTR\res\ico00003.ico">
      <Filter>Resource Files</Filter>
    </None>
    <None Include="..\LTR\res\ico00004.ico">
      <Filter>Resource Files</Filter>
    </None>
    <None Include="..\LTR\res\ico00005.ico">
      <Filter>Resource Files</Filter>
    </None>
    <None Include="..\LTR\res\ico00006.ico">
      <Filter>Resource Files</Filter>
    </None>
    <None Include="..\LTR\res\ico00007.ico">
      <Filter>Resource Files</Filter>
    </None>
    <None Include="..\LTR\res\ico00008.ico">
      <Filter>Resource Files</Filter>
    </None>
    <None Include="..\LTR\res\ico00009.ico">
      <Filter>Resource Files</Filter>
    </None>
    <None Include="..\LTR\res\ico00010.ico">
      <Filter>Resource Files</Filter>
    </None>
    <None Include="res\cur00001.cur">
      <Filter>Resource Files</Filter>
    </None>
    <None Include="res\cur00002.cur">
      <Filter>Resource Files</Filter>
    </None>
    <None Include="res\cur00003.cur">
      <Filter>Resource Files</Filter>
    </None>
    <None Include="res\cur00004.cur">
      <Filter>Resource Files</Filter>
    </None>
    <None Include="res\cur00005.cur">
      <Filter>Resource Files</Filter>
    </None>
    <None Include="res\cur00006.cur">
      <Filter>Resource Files</Filter>
    </None>
    <None Include="res\cur00007.cur">
      <Filter>Resource Files</Filter>
    </None>
    <None Include="res\cursor1.cur">
      <Filter>Resource Files</Filter>
    </None>
    <None Include="res\Daphne.bmp">
      <Filter>Resource Files</Filter>
    </None>
    <None Include="res\Daphne.ico">
      <Filter>Resource Files</Filter>
    </None>
    <None Include="res\ico00000.ico">
      <Filter>Resource Files</Filter>
    </None>
    <None Include="res\ico00001.ico">
      <Filter>Resource Files</Filter>
    </None>
    <None Include="res\ico00002.ico">
      <Filter>Resource Files</Filter>
    </None>
    <None Include="res\ico00003.ico">
      <Filter>Resource Files</Filter>
    </None>
    <None Include="res\ico00004.ico">
      <Filter>Resource Files</Filter>
    </None>
    <None Include="res\ico00005.ico">
      <Filter>Resource Files</Filter>
    </None>
    <None Include="res\ico00006.ico">
      <Filter>Resource Files</Filter>
    </None>
    <None Include="res\ico00007.ico">
      <Filter>Resource Files</Filter>
    </None>
    <None Include="res\ico00008.ico">
      <Filter>Resource Files</Filter>
    </None>
    <None Include="res\ico00009.ico">
      <Filter>Resource Files</Filter>
    </None>
    <None Include="res\ico00010.ico">
      <Filter>Resource Files</Filter>
    </None>
    <None Include="res\null.ico">
      <Filter>Resource Files</Filter>
    </None>
    <None Include="res\arrowcop.cur">
      <Filter>Resource Files</Filter>
    </None>
  </ItemGroup>
  <ItemGroup>
    <ClCompile Include="DRKLTR.cpp">
      <Filter>Source Files</Filter>
    </ClCompile>
    <ClCompile Include="dllmain.cpp">
      <Filter>Source Files</Filter>
    </ClCompile>
    <ClCompile Include="stdafx.cpp">
      <Filter>Source Files</Filter>
    </ClCompile>
  </ItemGroup>
  <ItemGroup>
    <ClInclude Include="stdafx.h">
      <Filter>Header Files</Filter>
    </ClInclude>
    <ClInclude Include="targetver.h">
      <Filter>Header Files</Filter>
    </ClInclude>
    <ClInclude Include="..\resource.h">
      <Filter>Header Files</Filter>
    </ClInclude>
  </ItemGroup>
  <ItemGroup>
    <ResourceCompile Include="DRKLTR.rc">
      <Filter>Resource Files</Filter>
    </ResourceCompile>
  </ItemGroup>
</Project>