<?xml version="1.0" encoding="utf-8"?>
<Project ToolsVersion="4.0" xmlns="http://schemas.microsoft.com/developer/msbuild/2003">
  <ItemGroup>
    <Filter Include="Source Files">
      <UniqueIdentifier>{4FC737F1-C7A5-4376-A066-2A32D752A2FF}</UniqueIdentifier>
      <Extensions>cpp;c;cc;cxx;def;odl;idl;hpj;bat;asm;asmx</Extensions>
    </Filter>
    <Filter Include="Header Files">
      <UniqueIdentifier>{93995380-89BD-4b04-88EB-625FBE52EBFB}</UniqueIdentifier>
      <Extensions>h;hpp;hxx;hm;inl;inc;xsd</Extensions>
    </Filter>
    <Filter Include="Resource Files">
      <UniqueIdentifier>{67DA6AB6-F800-4c08-8B7A-83BB121AAD01}</UniqueIdentifier>
      <Extensions>rc;ico;cur;bmp;dlg;rc2;rct;bin;rgs;gif;jpg;jpeg;jpe;resx;tiff;tif;png;wav</Extensions>
    </Filter>
    <Filter Include="Generated Files">
      <UniqueIdentifier>{11614c9d-fe7f-4b48-b413-0d963ee4c1a9}</UniqueIdentifier>
      <SourceControlFiles>False</SourceControlFiles>
    </Filter>
  </ItemGroup>
  <ItemGroup>
    <ClCompile Include="compreg.cpp">
      <Filter>Source Files</Filter>
    </ClCompile>
    <ClCompile Include="DRKShell.cpp">
      <Filter>Source Files</Filter>
    </ClCompile>
    <ClCompile Include="DRKShellMenu.cpp">
      <Filter>Source Files</Filter>
    </ClCompile>
    <ClCompile Include="stdafx.cpp">
      <Filter>Source Files</Filter>
    </ClCompile>
    <ClCompile Include="DRKShell_i.c">
      <Filter>Generated Files</Filter>
    </ClCompile>
    <ClCompile Include="ShowMD5.cpp">
      <Filter>Source Files</Filter>
    </ClCompile>
    <ClCompile Include="RunWithArgs.cpp">
      <Filter>Source Files</Filter>
    </ClCompile>
  </ItemGroup>
  <ItemGroup>
    <None Include="DRKShell.def">
      <Filter>Source Files</Filter>
    </None>
    <None Include="res\bitmap1.bmp">
      <Filter>Resource Files</Filter>
    </None>
    <None Include="res\bmp00001.bmp">
      <Filter>Resource Files</Filter>
    </None>
    <None Include="res\Daphne.ico">
      <Filter>Resource Files</Filter>
    </None>
    <None Include="DRKShell.rgs">
      <Filter>Resource Files</Filter>
    </None>
    <None Include="DRKShellMenu.rgs">
      <Filter>Resource Files</Filter>
    </None>
    <None Include="ReadMe.txt" />
  </ItemGroup>
  <ItemGroup>
    <Midl Include="DRKShell.idl">
      <Filter>Source Files</Filter>
    </Midl>
  </ItemGroup>
  <ItemGroup>
    <ClInclude Include="compreg.h">
      <Filter>Header Files</Filter>
    </ClInclude>
    <ClInclude Include="DRKShellMenu.h">
      <Filter>Header Files</Filter>
    </ClInclude>
    <ClInclude Include="Resource.h">
      <Filter>Header Files</Filter>
    </ClInclude>
    <ClInclude Include="stdafx.h">
      <Filter>Header Files</Filter>
    </ClInclude>
    <ClInclude Include="DRKShell.h">
      <Filter>Generated Files</Filter>
    </ClInclude>
    <ClInclude Include="logmessages.h">
      <Filter>Header Files</Filter>
    </ClInclude>
    <ClInclude Include="ShowMD5.h">
      <Filter>Header Files</Filter>
    </ClInclude>
    <ClInclude Include="RunWithArgs.h">
      <Filter>Header Files</Filter>
    </ClInclude>
  </ItemGroup>
  <ItemGroup>
    <ResourceCompile Include="DRKShell.rc">
      <Filter>Resource Files</Filter>
    </ResourceCompile>
  </ItemGroup>
  <ItemGroup>
    <CustomBuild Include="logmessages.mc">
      <Filter>Source Files</Filter>
    </CustomBuild>
  </ItemGroup>
</Project>